// !$*UTF8*$!
{
	archiveVersion = 1;
	classes = {
	};
	objectVersion = 46;
	objects = {

/* Begin PBXBuildFile section */
		CD2E87081992469F00CF4979 /* AppDelegate.swift in Sources */ = {isa = PBXBuildFile; fileRef = CD2E87071992469F00CF4979 /* AppDelegate.swift */; };
		CD2E870C1992469F00CF4979 /* GameScene.swift in Sources */ = {isa = PBXBuildFile; fileRef = CD2E870B1992469F00CF4979 /* GameScene.swift */; };
		CD2E870E1992469F00CF4979 /* GameViewController.swift in Sources */ = {isa = PBXBuildFile; fileRef = CD2E870D1992469F00CF4979 /* GameViewController.swift */; };
		CD2E87111992469F00CF4979 /* Main.storyboard in Resources */ = {isa = PBXBuildFile; fileRef = CD2E870F1992469F00CF4979 /* Main.storyboard */; };
		CD2E87131992469F00CF4979 /* Images.xcassets in Resources */ = {isa = PBXBuildFile; fileRef = CD2E87121992469F00CF4979 /* Images.xcassets */; };
		CD2E871F1992469F00CF4979 /* SwiftrisTests.swift in Sources */ = {isa = PBXBuildFile; fileRef = CD2E871E1992469F00CF4979 /* SwiftrisTests.swift */; };
		CD2E872E1992489000CF4979 /* bomb.mp3 in Resources */ = {isa = PBXBuildFile; fileRef = CD2E87291992489000CF4979 /* bomb.mp3 */; };
		CD2E872F1992489000CF4979 /* drop.mp3 in Resources */ = {isa = PBXBuildFile; fileRef = CD2E872A1992489000CF4979 /* drop.mp3 */; };
		CD2E87301992489000CF4979 /* gameover.mp3 in Resources */ = {isa = PBXBuildFile; fileRef = CD2E872B1992489000CF4979 /* gameover.mp3 */; };
		CD2E87311992489000CF4979 /* levelup.mp3 in Resources */ = {isa = PBXBuildFile; fileRef = CD2E872C1992489000CF4979 /* levelup.mp3 */; };
		CD2E87321992489000CF4979 /* theme.mp3 in Resources */ = {isa = PBXBuildFile; fileRef = CD2E872D1992489000CF4979 /* theme.mp3 */; };
		CD2E8734199248AF00CF4979 /* Sprites.atlas in Resources */ = {isa = PBXBuildFile; fileRef = CD2E8733199248AE00CF4979 /* Sprites.atlas */; };
		CD2E8742199248F500CF4979 /* background.png in Resources */ = {isa = PBXBuildFile; fileRef = CD2E873C199248F500CF4979 /* background.png */; };
		CD2E8743199248F500CF4979 /* background@2x.png in Resources */ = {isa = PBXBuildFile; fileRef = CD2E873D199248F500CF4979 /* background@2x.png */; };
		CD2E8744199248F500CF4979 /* gameboard.png in Resources */ = {isa = PBXBuildFile; fileRef = CD2E873E199248F500CF4979 /* gameboard.png */; };
		CD2E8745199248F500CF4979 /* gameboard@2x.png in Resources */ = {isa = PBXBuildFile; fileRef = CD2E873F199248F500CF4979 /* gameboard@2x.png */; };
		CD2E8746199248F500CF4979 /* whitebg.png in Resources */ = {isa = PBXBuildFile; fileRef = CD2E8740199248F500CF4979 /* whitebg.png */; };
		CD2E8747199248F500CF4979 /* whitebg@2x.png in Resources */ = {isa = PBXBuildFile; fileRef = CD2E8741199248F500CF4979 /* whitebg@2x.png */; };
/* End PBXBuildFile section */

/* Begin PBXContainerItemProxy section */
		CD2E87191992469F00CF4979 /* PBXContainerItemProxy */ = {
			isa = PBXContainerItemProxy;
			containerPortal = CD2E86FA1992469F00CF4979 /* Project object */;
			proxyType = 1;
			remoteGlobalIDString = CD2E87011992469F00CF4979;
			remoteInfo = Swiftris;
		};
/* End PBXContainerItemProxy section */

/* Begin PBXFileReference section */
		CD2E87021992469F00CF4979 /* Swiftris.app */ = {isa = PBXFileReference; explicitFileType = wrapper.application; includeInIndex = 0; path = Swiftris.app; sourceTree = BUILT_PRODUCTS_DIR; };
		CD2E87061992469F00CF4979 /* Info.plist */ = {isa = PBXFileReference; lastKnownFileType = text.plist.xml; path = Info.plist; sourceTree = "<group>"; };
		CD2E87071992469F00CF4979 /* AppDelegate.swift */ = {isa = PBXFileReference; lastKnownFileType = sourcecode.swift; path = AppDelegate.swift; sourceTree = "<group>"; };
		CD2E870B1992469F00CF4979 /* GameScene.swift */ = {isa = PBXFileReference; lastKnownFileType = sourcecode.swift; path = GameScene.swift; sourceTree = "<group>"; };
		CD2E870D1992469F00CF4979 /* GameViewController.swift */ = {isa = PBXFileReference; lastKnownFileType = sourcecode.swift; path = GameViewController.swift; sourceTree = "<group>"; };
		CD2E87101992469F00CF4979 /* Base */ = {isa = PBXFileReference; lastKnownFileType = file.storyboard; name = Base; path = Base.lproj/Main.storyboard; sourceTree = "<group>"; };
		CD2E87121992469F00CF4979 /* Images.xcassets */ = {isa = PBXFileReference; lastKnownFileType = folder.assetcatalog; path = Images.xcassets; sourceTree = "<group>"; };
		CD2E87181992469F00CF4979 /* SwiftrisTests.xctest */ = {isa = PBXFileReference; explicitFileType = wrapper.cfbundle; includeInIndex = 0; path = SwiftrisTests.xctest; sourceTree = BUILT_PRODUCTS_DIR; };
		CD2E871D1992469F00CF4979 /* Info.plist */ = {isa = PBXFileReference; lastKnownFileType = text.plist.xml; path = Info.plist; sourceTree = "<group>"; };
		CD2E871E1992469F00CF4979 /* SwiftrisTests.swift */ = {isa = PBXFileReference; lastKnownFileType = sourcecode.swift; path = SwiftrisTests.swift; sourceTree = "<group>"; };
		CD2E87291992489000CF4979 /* bomb.mp3 */ = {isa = PBXFileReference; lastKnownFileType = audio.mp3; path = bomb.mp3; sourceTree = "<group>"; };
		CD2E872A1992489000CF4979 /* drop.mp3 */ = {isa = PBXFileReference; lastKnownFileType = audio.mp3; path = drop.mp3; sourceTree = "<group>"; };
		CD2E872B1992489000CF4979 /* gameover.mp3 */ = {isa = PBXFileReference; lastKnownFileType = audio.mp3; path = gameover.mp3; sourceTree = "<group>"; };
		CD2E872C1992489000CF4979 /* levelup.mp3 */ = {isa = PBXFileReference; lastKnownFileType = audio.mp3; path = levelup.mp3; sourceTree = "<group>"; };
		CD2E872D1992489000CF4979 /* theme.mp3 */ = {isa = PBXFileReference; lastKnownFileType = audio.mp3; path = theme.mp3; sourceTree = "<group>"; };
		CD2E8733199248AE00CF4979 /* Sprites.atlas */ = {isa = PBXFileReference; lastKnownFileType = folder.skatlas; path = Sprites.atlas; sourceTree = "<group>"; };
		CD2E873C199248F500CF4979 /* background.png */ = {isa = PBXFileReference; lastKnownFileType = image.png; path = background.png; sourceTree = "<group>"; };
		CD2E873D199248F500CF4979 /* background@2x.png */ = {isa = PBXFileReference; lastKnownFileType = image.png; path = "background@2x.png"; sourceTree = "<group>"; };
		CD2E873E199248F500CF4979 /* gameboard.png */ = {isa = PBXFileReference; lastKnownFileType = image.png; path = gameboard.png; sourceTree = "<group>"; };
		CD2E873F199248F500CF4979 /* gameboard@2x.png */ = {isa = PBXFileReference; lastKnownFileType = image.png; path = "gameboard@2x.png"; sourceTree = "<group>"; };
		CD2E8740199248F500CF4979 /* whitebg.png */ = {isa = PBXFileReference; lastKnownFileType = image.png; path = whitebg.png; sourceTree = "<group>"; };
		CD2E8741199248F500CF4979 /* whitebg@2x.png */ = {isa = PBXFileReference; lastKnownFileType = image.png; path = "whitebg@2x.png"; sourceTree = "<group>"; };
/* End PBXFileReference section */

/* Begin PBXFrameworksBuildPhase section */
		CD2E86FF1992469F00CF4979 /* Frameworks */ = {
			isa = PBXFrameworksBuildPhase;
			buildActionMask = 2147483647;
			files = (
			);
			runOnlyForDeploymentPostprocessing = 0;
		};
		CD2E87151992469F00CF4979 /* Frameworks */ = {
			isa = PBXFrameworksBuildPhase;
			buildActionMask = 2147483647;
			files = (
			);
			runOnlyForDeploymentPostprocessing = 0;
		};
/* End PBXFrameworksBuildPhase section */

/* Begin PBXGroup section */
		CD2E86F91992469F00CF4979 = {
			isa = PBXGroup;
			children = (
				CD2E87041992469F00CF4979 /* Swiftris */,
				CD2E871B1992469F00CF4979 /* SwiftrisTests */,
				CD2E87031992469F00CF4979 /* Products */,
			);
			sourceTree = "<group>";
		};
		CD2E87031992469F00CF4979 /* Products */ = {
			isa = PBXGroup;
			children = (
				CD2E87021992469F00CF4979 /* Swiftris.app */,
				CD2E87181992469F00CF4979 /* SwiftrisTests.xctest */,
			);
			name = Products;
			sourceTree = "<group>";
		};
		CD2E87041992469F00CF4979 /* Swiftris */ = {
			isa = PBXGroup;
			children = (
				CD2E87071992469F00CF4979 /* AppDelegate.swift */,
				CD2E870B1992469F00CF4979 /* GameScene.swift */,
				CD2E870D1992469F00CF4979 /* GameViewController.swift */,
				CD2E870F1992469F00CF4979 /* Main.storyboard */,
				CD2E87121992469F00CF4979 /* Images.xcassets */,
				CD2E87051992469F00CF4979 /* Supporting Files */,
			);
			path = Swiftris;
			sourceTree = "<group>";
		};
		CD2E87051992469F00CF4979 /* Supporting Files */ = {
			isa = PBXGroup;
			children = (
				CD2E873B199248F500CF4979 /* Images */,
				CD2E8733199248AE00CF4979 /* Sprites.atlas */,
				CD2E87281992489000CF4979 /* Sounds */,
				CD2E87061992469F00CF4979 /* Info.plist */,
			);
			name = "Supporting Files";
			sourceTree = "<group>";
		};
		CD2E871B1992469F00CF4979 /* SwiftrisTests */ = {
			isa = PBXGroup;
			children = (
				CD2E871E1992469F00CF4979 /* SwiftrisTests.swift */,
				CD2E871C1992469F00CF4979 /* Supporting Files */,
			);
			path = SwiftrisTests;
			sourceTree = "<group>";
		};
		CD2E871C1992469F00CF4979 /* Supporting Files */ = {
			isa = PBXGroup;
			children = (
				CD2E871D1992469F00CF4979 /* Info.plist */,
			);
			name = "Supporting Files";
			sourceTree = "<group>";
		};
		CD2E87281992489000CF4979 /* Sounds */ = {
			isa = PBXGroup;
			children = (
				CD2E87291992489000CF4979 /* bomb.mp3 */,
				CD2E872A1992489000CF4979 /* drop.mp3 */,
				CD2E872B1992489000CF4979 /* gameover.mp3 */,
				CD2E872C1992489000CF4979 /* levelup.mp3 */,
				CD2E872D1992489000CF4979 /* theme.mp3 */,
			);
			path = Sounds;
			sourceTree = "<group>";
		};
		CD2E873B199248F500CF4979 /* Images */ = {
			isa = PBXGroup;
			children = (
				CD2E873C199248F500CF4979 /* background.png */,
				CD2E873D199248F500CF4979 /* background@2x.png */,
				CD2E873E199248F500CF4979 /* gameboard.png */,
				CD2E873F199248F500CF4979 /* gameboard@2x.png */,
				CD2E8740199248F500CF4979 /* whitebg.png */,
				CD2E8741199248F500CF4979 /* whitebg@2x.png */,
			);
			path = Images;
			sourceTree = "<group>";
		};
/* End PBXGroup section */

/* Begin PBXNativeTarget section */
		CD2E87011992469F00CF4979 /* Swiftris */ = {
			isa = PBXNativeTarget;
			buildConfigurationList = CD2E87221992469F00CF4979 /* Build configuration list for PBXNativeTarget "Swiftris" */;
			buildPhases = (
				CD2E86FE1992469F00CF4979 /* Sources */,
				CD2E86FF1992469F00CF4979 /* Frameworks */,
				CD2E87001992469F00CF4979 /* Resources */,
			);
			buildRules = (
			);
			dependencies = (
			);
			name = Swiftris;
			productName = Swiftris;
			productReference = CD2E87021992469F00CF4979 /* Swiftris.app */;
			productType = "com.apple.product-type.application";
		};
		CD2E87171992469F00CF4979 /* SwiftrisTests */ = {
			isa = PBXNativeTarget;
			buildConfigurationList = CD2E87251992469F00CF4979 /* Build configuration list for PBXNativeTarget "SwiftrisTests" */;
			buildPhases = (
				CD2E87141992469F00CF4979 /* Sources */,
				CD2E87151992469F00CF4979 /* Frameworks */,
				CD2E87161992469F00CF4979 /* Resources */,
			);
			buildRules = (
			);
			dependencies = (
				CD2E871A1992469F00CF4979 /* PBXTargetDependency */,
			);
			name = SwiftrisTests;
			productName = SwiftrisTests;
			productReference = CD2E87181992469F00CF4979 /* SwiftrisTests.xctest */;
			productType = "com.apple.product-type.bundle.unit-test";
		};
/* End PBXNativeTarget section */

/* Begin PBXProject section */
		CD2E86FA1992469F00CF4979 /* Project object */ = {
			isa = PBXProject;
			attributes = {
				LastUpgradeCheck = 0600;
				ORGANIZATIONNAME = "Patrick Cleary";
				TargetAttributes = {
					CD2E87011992469F00CF4979 = {
						CreatedOnToolsVersion = 6.0;
					};
					CD2E87171992469F00CF4979 = {
						CreatedOnToolsVersion = 6.0;
						TestTargetID = CD2E87011992469F00CF4979;
					};
				};
			};
			buildConfigurationList = CD2E86FD1992469F00CF4979 /* Build configuration list for PBXProject "Swiftris" */;
			compatibilityVersion = "Xcode 3.2";
			developmentRegion = English;
			hasScannedForEncodings = 0;
			knownRegions = (
				en,
				Base,
			);
			mainGroup = CD2E86F91992469F00CF4979;
			productRefGroup = CD2E87031992469F00CF4979 /* Products */;
			projectDirPath = "";
			projectRoot = "";
			targets = (
				CD2E87011992469F00CF4979 /* Swiftris */,
				CD2E87171992469F00CF4979 /* SwiftrisTests */,
			);
		};
/* End PBXProject section */

/* Begin PBXResourcesBuildPhase section */
		CD2E87001992469F00CF4979 /* Resources */ = {
			isa = PBXResourcesBuildPhase;
			buildActionMask = 2147483647;
			files = (
				CD2E87131992469F00CF4979 /* Images.xcassets in Resources */,
				CD2E87301992489000CF4979 /* gameover.mp3 in Resources */,
				CD2E8746199248F500CF4979 /* whitebg.png in Resources */,
				CD2E8734199248AF00CF4979 /* Sprites.atlas in Resources */,
				CD2E8745199248F500CF4979 /* gameboard@2x.png in Resources */,
				CD2E87111992469F00CF4979 /* Main.storyboard in Resources */,
				CD2E872E1992489000CF4979 /* bomb.mp3 in Resources */,
				CD2E8747199248F500CF4979 /* whitebg@2x.png in Resources */,
				CD2E87311992489000CF4979 /* levelup.mp3 in Resources */,
				CD2E87321992489000CF4979 /* theme.mp3 in Resources */,
				CD2E8742199248F500CF4979 /* background.png in Resources */,
				CD2E8743199248F500CF4979 /* background@2x.png in Resources */,
				CD2E8744199248F500CF4979 /* gameboard.png in Resources */,
				CD2E872F1992489000CF4979 /* drop.mp3 in Resources */,
			);
			runOnlyForDeploymentPostprocessing = 0;
		};
		CD2E87161992469F00CF4979 /* Resources */ = {
			isa = PBXResourcesBuildPhase;
			buildActionMask = 2147483647;
			files = (
			);
			runOnlyForDeploymentPostprocessing = 0;
		};
/* End PBXResourcesBuildPhase section */

/* Begin PBXSourcesBuildPhase section */
		CD2E86FE1992469F00CF4979 /* Sources */ = {
			isa = PBXSourcesBuildPhase;
			buildActionMask = 2147483647;
			files = (
				CD2E870C1992469F00CF4979 /* GameScene.swift in Sources */,
				CD2E870E1992469F00CF4979 /* GameViewController.swift in Sources */,
				CD2E87081992469F00CF4979 /* AppDelegate.swift in Sources */,
			);
			runOnlyForDeploymentPostprocessing = 0;
		};
		CD2E87141992469F00CF4979 /* Sources */ = {
			isa = PBXSourcesBuildPhase;
			buildActionMask = 2147483647;
			files = (
				CD2E871F1992469F00CF4979 /* SwiftrisTests.swift in Sources */,
			);
			runOnlyForDeploymentPostprocessing = 0;
		};
/* End PBXSourcesBuildPhase section */

/* Begin PBXTargetDependency section */
		CD2E871A1992469F00CF4979 /* PBXTargetDependency */ = {
			isa = PBXTargetDependency;
			target = CD2E87011992469F00CF4979 /* Swiftris */;
			targetProxy = CD2E87191992469F00CF4979 /* PBXContainerItemProxy */;
		};
/* End PBXTargetDependency section */

/* Begin PBXVariantGroup section */
		CD2E870F1992469F00CF4979 /* Main.storyboard */ = {
			isa = PBXVariantGroup;
			children = (
				CD2E87101992469F00CF4979 /* Base */,
			);
			name = Main.storyboard;
			sourceTree = "<group>";
		};
/* End PBXVariantGroup section */

/* Begin XCBuildConfiguration section */
		CD2E87201992469F00CF4979 /* Debug */ = {
			isa = XCBuildConfiguration;
			buildSettings = {
				ALWAYS_SEARCH_USER_PATHS = NO;
				CLANG_CXX_LANGUAGE_STANDARD = "gnu++0x";
				CLANG_CXX_LIBRARY = "libc++";
				CLANG_ENABLE_MODULES = YES;
				CLANG_ENABLE_OBJC_ARC = YES;
				CLANG_WARN_BOOL_CONVERSION = YES;
				CLANG_WARN_CONSTANT_CONVERSION = YES;
				CLANG_WARN_DIRECT_OBJC_ISA_USAGE = YES_ERROR;
				CLANG_WARN_EMPTY_BODY = YES;
				CLANG_WARN_ENUM_CONVERSION = YES;
				CLANG_WARN_INT_CONVERSION = YES;
				CLANG_WARN_OBJC_ROOT_CLASS = YES_ERROR;
				CLANG_WARN_UNREACHABLE_CODE = YES;
				CLANG_WARN__DUPLICATE_METHOD_MATCH = YES;
				"CODE_SIGN_IDENTITY[sdk=iphoneos*]" = "iPhone Developer";
				COPY_PHASE_STRIP = NO;
				ENABLE_STRICT_OBJC_MSGSEND = YES;
				GCC_C_LANGUAGE_STANDARD = gnu99;
				GCC_DYNAMIC_NO_PIC = NO;
				GCC_OPTIMIZATION_LEVEL = 0;
				GCC_PREPROCESSOR_DEFINITIONS = (
					"DEBUG=1",
					"$(inherited)",
				);
				GCC_SYMBOLS_PRIVATE_EXTERN = NO;
				GCC_WARN_64_TO_32_BIT_CONVERSION = YES;
				GCC_WARN_ABOUT_RETURN_TYPE = YES_ERROR;
				GCC_WARN_UNDECLARED_SELECTOR = YES;
				GCC_WARN_UNINITIALIZED_AUTOS = YES_AGGRESSIVE;
				GCC_WARN_UNUSED_FUNCTION = YES;
				GCC_WARN_UNUSED_VARIABLE = YES;
				IPHONEOS_DEPLOYMENT_TARGET = 8.0;
				MTL_ENABLE_DEBUG_INFO = YES;
				ONLY_ACTIVE_ARCH = YES;
				SDKROOT = iphoneos;
				SWIFT_OPTIMIZATION_LEVEL = "-Onone";
			};
			name = Debug;
		};
		CD2E87211992469F00CF4979 /* Release */ = {
			isa = XCBuildConfiguration;
			buildSettings = {
				ALWAYS_SEARCH_USER_PATHS = NO;
				CLANG_CXX_LANGUAGE_STANDARD = "gnu++0x";
				CLANG_CXX_LIBRARY = "libc++";
				CLANG_ENABLE_MODULES = YES;
				CLANG_ENABLE_OBJC_ARC = YES;
				CLANG_WARN_BOOL_CONVERSION = YES;
				CLANG_WARN_CONSTANT_CONVERSION = YES;
				CLANG_WARN_DIRECT_OBJC_ISA_USAGE = YES_ERROR;
				CLANG_WARN_EMPTY_BODY = YES;
				CLANG_WARN_ENUM_CONVERSION = YES;
				CLANG_WARN_INT_CONVERSION = YES;
				CLANG_WARN_OBJC_ROOT_CLASS = YES_ERROR;
				CLANG_WARN_UNREACHABLE_CODE = YES;
				CLANG_WARN__DUPLICATE_METHOD_MATCH = YES;
				"CODE_SIGN_IDENTITY[sdk=iphoneos*]" = "iPhone Developer";
				COPY_PHASE_STRIP = YES;
				ENABLE_NS_ASSERTIONS = NO;
				ENABLE_STRICT_OBJC_MSGSEND = YES;
				GCC_C_LANGUAGE_STANDARD = gnu99;
				GCC_WARN_64_TO_32_BIT_CONVERSION = YES;
				GCC_WARN_ABOUT_RETURN_TYPE = YES_ERROR;
				GCC_WARN_UNDECLARED_SELECTOR = YES;
				GCC_WARN_UNINITIALIZED_AUTOS = YES_AGGRESSIVE;
				GCC_WARN_UNUSED_FUNCTION = YES;
				GCC_WARN_UNUSED_VARIABLE = YES;
				IPHONEOS_DEPLOYMENT_TARGET = 8.0;
				MTL_ENABLE_DEBUG_INFO = NO;
				SDKROOT = iphoneos;
				VALIDATE_PRODUCT = YES;
			};
			name = Release;
		};
		CD2E87231992469F00CF4979 /* Debug */ = {
			isa = XCBuildConfiguration;
			buildSettings = {
				ASSETCATALOG_COMPILER_APPICON_NAME = AppIcon;
				ASSETCATALOG_COMPILER_LAUNCHIMAGE_NAME = LaunchImage;
				INFOPLIST_FILE = Swiftris/Info.plist;
				LD_RUNPATH_SEARCH_PATHS = "$(inherited) @executable_path/Frameworks";
				PRODUCT_NAME = "$(TARGET_NAME)";
			};
			name = Debug;
		};
		CD2E87241992469F00CF4979 /* Release */ = {
			isa = XCBuildConfiguration;
			buildSettings = {
				ASSETCATALOG_COMPILER_APPICON_NAME = AppIcon;
				ASSETCATALOG_COMPILER_LAUNCHIMAGE_NAME = LaunchImage;
				INFOPLIST_FILE = Swiftris/Info.plist;
				LD_RUNPATH_SEARCH_PATHS = "$(inherited) @executable_path/Frameworks";
				PRODUCT_NAME = "$(TARGET_NAME)";
			};
			name = Release;
		};
		CD2E87261992469F00CF4979 /* Debug */ = {
			isa = XCBuildConfiguration;
			buildSettings = {
				BUNDLE_LOADER = "$(TEST_HOST)";
				FRAMEWORK_SEARCH_PATHS = (
					"$(SDKROOT)/Developer/Library/Frameworks",
					"$(inherited)",
				);
				GCC_PREPROCESSOR_DEFINITIONS = (
					"DEBUG=1",
					"$(inherited)",
				);
				INFOPLIST_FILE = SwiftrisTests/Info.plist;
				LD_RUNPATH_SEARCH_PATHS = "$(inherited) @executable_path/Frameworks @loader_path/Frameworks";
				PRODUCT_NAME = "$(TARGET_NAME)";
				TEST_HOST = "$(BUILT_PRODUCTS_DIR)/Swiftris.app/Swiftris";
			};
			name = Debug;
		};
		CD2E87271992469F00CF4979 /* Release */ = {
			isa = XCBuildConfiguration;
			buildSettings = {
				BUNDLE_LOADER = "$(TEST_HOST)";
				FRAMEWORK_SEARCH_PATHS = (
					"$(SDKROOT)/Developer/Library/Frameworks",
					"$(inherited)",
				);
				INFOPLIST_FILE = SwiftrisTests/Info.plist;
				LD_RUNPATH_SEARCH_PATHS = "$(inherited) @executable_path/Frameworks @loader_path/Frameworks";
				PRODUCT_NAME = "$(TARGET_NAME)";
				TEST_HOST = "$(BUILT_PRODUCTS_DIR)/Swiftris.app/Swiftris";
			};
			name = Release;
		};
/* End XCBuildConfiguration section */

/* Begin XCConfigurationList section */
		CD2E86FD1992469F00CF4979 /* Build configuration list for PBXProject "Swiftris" */ = {
			isa = XCConfigurationList;
			buildConfigurations = (
				CD2E87201992469F00CF4979 /* Debug */,
				CD2E87211992469F00CF4979 /* Release */,
			);
			defaultConfigurationIsVisible = 0;
			defaultConfigurationName = Release;
		};
		CD2E87221992469F00CF4979 /* Build configuration list for PBXNativeTarget "Swiftris" */ = {
			isa = XCConfigurationList;
			buildConfigurations = (
				CD2E87231992469F00CF4979 /* Debug */,
				CD2E87241992469F00CF4979 /* Release */,
			);
			defaultConfigurationIsVisible = 0;
		};
		CD2E87251992469F00CF4979 /* Build configuration list for PBXNativeTarget "SwiftrisTests" */ = {
			isa = XCConfigurationList;
			buildConfigurations = (
				CD2E87261992469F00CF4979 /* Debug */,
				CD2E87271992469F00CF4979 /* Release */,
			);
			defaultConfigurationIsVisible = 0;
		};
/* End XCConfigurationList section */
	};
	rootObject = CD2E86FA1992469F00CF4979 /* Project object */;
}
